
Microsoft Visual Studio Solution File, Format Version 12.00
# Visual Studio Version 17
VisualStudioVersion = 17.4.33205.214
MinimumVisualStudioVersion = 10.0.40219.1
Project("{FAE04EC0-301F-11D3-BF4B-00C04F79EFBC}") = "UsuariosApi", "UsuariosApi\UsuariosApi.csproj", "{266A0B53-04C0-4534-8013-206EDD00B8CD}"
EndProject
Global
	GlobalSection(SolutionConfigurationPlatforms) = preSolution
		Debug|Any CPU = Debug|Any CPU
		Release|Any CPU = Release|Any CPU
	EndGlobalSection
	GlobalSection(ProjectConfigurationPlatforms) = postSolution
		{266A0B53-04C0-4534-8013-206EDD00B8CD}.Debug|Any CPU.ActiveCfg = Debug|Any CPU
		{266A0B53-04C0-4534-8013-206EDD00B8CD}.Debug|Any CPU.Build.0 = Debug|Any CPU
		{266A0B53-04C0-4534-8013-206EDD00B8CD}.Release|Any CPU.ActiveCfg = Release|Any CPU
		{266A0B53-04C0-4534-8013-206EDD00B8CD}.Release|Any CPU.Build.0 = Release|Any CPU
	EndGlobalSection
	GlobalSection(SolutionProperties) = preSolution
		HideSolutionNode = FALSE
	EndGlobalSection
	GlobalSection(ExtensibilityGlobals) = postSolution
		SolutionGuid = {7BE3EA58-72D0-46AA-BF50-2ADAD3ACF9C7}
	EndGlobalSection
EndGlobal
